
Microsoft Visual Studio Solution File, Format Version 12.00
Project("{FAE04EC0-301F-11D3-BF4B-00C04F79EFBC}") = "Tadkir", "Tadkir\Tadkir.csproj", "{F7754F21-746A-43F4-884E-37FDBD1F159A}"
EndProject
Global
	GlobalSection(SolutionConfigurationPlatforms) = preSolution
		Debug|Any CPU = Debug|Any CPU
		Release|Any CPU = Release|Any CPU
	EndGlobalSection
	GlobalSection(ProjectConfigurationPlatforms) = postSolution
		{F7754F21-746A-43F4-884E-37FDBD1F159A}.Release|Any CPU.ActiveCfg = Release|Any CPU
		{F7754F21-746A-43F4-884E-37FDBD1F159A}.Release|Any CPU.Build.0 = Release|Any CPU
		{F7754F21-746A-43F4-884E-37FDBD1F159A}.Debug|Any CPU.ActiveCfg = Release|Any CPU
		{F7754F21-746A-43F4-884E-37FDBD1F159A}.Debug|Any CPU.Build.0 = Release|Any CPU
	EndGlobalSection
EndGlobal
